// !$*UTF8*$!
{
	archiveVersion = 1;
	classes = {
	};
	objectVersion = 50;
	objects = {

/* Begin PBXBuildFile section */
		84CE8DA42567D1CD005216FF /* AppDelegate.swift in Sources */ = {isa = PBXBuildFile; fileRef = 84CE8DA32567D1CD005216FF /* AppDelegate.swift */; };
		84CE8DA62567D1CD005216FF /* SceneDelegate.swift in Sources */ = {isa = PBXBuildFile; fileRef = 84CE8DA52567D1CD005216FF /* SceneDelegate.swift */; };
		84CE8DAD2567D1D0005216FF /* Assets.xcassets in Resources */ = {isa = PBXBuildFile; fileRef = 84CE8DAC2567D1D0005216FF /* Assets.xcassets */; };
		84CE8DB02567D1D0005216FF /* LaunchScreen.storyboard in Resources */ = {isa = PBXBuildFile; fileRef = 84CE8DAE2567D1D0005216FF /* LaunchScreen.storyboard */; };
		84CE8DC02567D34C005216FF /* ContactsInteractor.swift in Sources */ = {isa = PBXBuildFile; fileRef = 84CE8DBF2567D34C005216FF /* ContactsInteractor.swift */; };
		84CE8DC42567D36E005216FF /* ContactsPresenter.swift in Sources */ = {isa = PBXBuildFile; fileRef = 84CE8DC32567D36E005216FF /* ContactsPresenter.swift */; };
		84CE8DC72567D386005216FF /* ContactsView.swift in Sources */ = {isa = PBXBuildFile; fileRef = 84CE8DC62567D386005216FF /* ContactsView.swift */; };
		84CE8DCA2567D3AA005216FF /* ContactsModel.swift in Sources */ = {isa = PBXBuildFile; fileRef = 84CE8DC92567D3AA005216FF /* ContactsModel.swift */; };
		84CE8DCE2567D444005216FF /* ContactsModule.swift in Sources */ = {isa = PBXBuildFile; fileRef = 84CE8DCD2567D444005216FF /* ContactsModule.swift */; };
		84CE8DD32567E88C005216FF /* ContactCell.swift in Sources */ = {isa = PBXBuildFile; fileRef = 84CE8DD22567E88C005216FF /* ContactCell.swift */; };
		84CE8DD72567E940005216FF /* UITableViewCell+Extension.swift in Sources */ = {isa = PBXBuildFile; fileRef = 84CE8DD62567E940005216FF /* UITableViewCell+Extension.swift */; };
		84CE8DDD25680991005216FF /* ContactDetailsModule.swift in Sources */ = {isa = PBXBuildFile; fileRef = 84CE8DDC25680991005216FF /* ContactDetailsModule.swift */; };
		84CE8DE1256809AF005216FF /* ContactDetailsModel.swift in Sources */ = {isa = PBXBuildFile; fileRef = 84CE8DE0256809AF005216FF /* ContactDetailsModel.swift */; };
		84CE8DE4256809C8005216FF /* ContactDetailsView.swift in Sources */ = {isa = PBXBuildFile; fileRef = 84CE8DE3256809C8005216FF /* ContactDetailsView.swift */; };
		84CE8DE7256809EB005216FF /* ContactDetailsInteractor.swift in Sources */ = {isa = PBXBuildFile; fileRef = 84CE8DE6256809EB005216FF /* ContactDetailsInteractor.swift */; };
		84CE8DED25680A38005216FF /* ContactDetailsPresenter.swift in Sources */ = {isa = PBXBuildFile; fileRef = 84CE8DEC25680A38005216FF /* ContactDetailsPresenter.swift */; };
		84CE8DF32568545B005216FF /* AppRouter.swift in Sources */ = {isa = PBXBuildFile; fileRef = 84CE8DF22568545B005216FF /* AppRouter.swift */; };
		84CE8DF725685782005216FF /* ContactDetailsCell.swift in Sources */ = {isa = PBXBuildFile; fileRef = 84CE8DF625685782005216FF /* ContactDetailsCell.swift */; };
		84CE8DFE25686A40005216FF /* Common.swift in Sources */ = {isa = PBXBuildFile; fileRef = 84CE8DFD25686A40005216FF /* Common.swift */; };
/* End PBXBuildFile section */

/* Begin PBXFileReference section */
		84CE8DA02567D1CD005216FF /* Novichock.app */ = {isa = PBXFileReference; explicitFileType = wrapper.application; includeInIndex = 0; path = Novichock.app; sourceTree = BUILT_PRODUCTS_DIR; };
		84CE8DA32567D1CD005216FF /* AppDelegate.swift */ = {isa = PBXFileReference; lastKnownFileType = sourcecode.swift; path = AppDelegate.swift; sourceTree = "<group>"; };
		84CE8DA52567D1CD005216FF /* SceneDelegate.swift */ = {isa = PBXFileReference; lastKnownFileType = sourcecode.swift; path = SceneDelegate.swift; sourceTree = "<group>"; };
		84CE8DAC2567D1D0005216FF /* Assets.xcassets */ = {isa = PBXFileReference; lastKnownFileType = folder.assetcatalog; path = Assets.xcassets; sourceTree = "<group>"; };
		84CE8DAF2567D1D0005216FF /* Base */ = {isa = PBXFileReference; lastKnownFileType = file.storyboard; name = Base; path = Base.lproj/LaunchScreen.storyboard; sourceTree = "<group>"; };
		84CE8DB12567D1D0005216FF /* Info.plist */ = {isa = PBXFileReference; lastKnownFileType = text.plist.xml; path = Info.plist; sourceTree = "<group>"; };
		84CE8DBF2567D34C005216FF /* ContactsInteractor.swift */ = {isa = PBXFileReference; lastKnownFileType = sourcecode.swift; path = ContactsInteractor.swift; sourceTree = "<group>"; };
		84CE8DC32567D36E005216FF /* ContactsPresenter.swift */ = {isa = PBXFileReference; lastKnownFileType = sourcecode.swift; path = ContactsPresenter.swift; sourceTree = "<group>"; };
		84CE8DC62567D386005216FF /* ContactsView.swift */ = {isa = PBXFileReference; lastKnownFileType = sourcecode.swift; path = ContactsView.swift; sourceTree = "<group>"; };
		84CE8DC92567D3AA005216FF /* ContactsModel.swift */ = {isa = PBXFileReference; lastKnownFileType = sourcecode.swift; path = ContactsModel.swift; sourceTree = "<group>"; };
		84CE8DCD2567D444005216FF /* ContactsModule.swift */ = {isa = PBXFileReference; lastKnownFileType = sourcecode.swift; path = ContactsModule.swift; sourceTree = "<group>"; };
		84CE8DD22567E88C005216FF /* ContactCell.swift */ = {isa = PBXFileReference; lastKnownFileType = sourcecode.swift; path = ContactCell.swift; sourceTree = "<group>"; };
		84CE8DD62567E940005216FF /* UITableViewCell+Extension.swift */ = {isa = PBXFileReference; lastKnownFileType = sourcecode.swift; path = "UITableViewCell+Extension.swift"; sourceTree = "<group>"; };
		84CE8DDC25680991005216FF /* ContactDetailsModule.swift */ = {isa = PBXFileReference; lastKnownFileType = sourcecode.swift; path = ContactDetailsModule.swift; sourceTree = "<group>"; };
		84CE8DE0256809AF005216FF /* ContactDetailsModel.swift */ = {isa = PBXFileReference; lastKnownFileType = sourcecode.swift; path = ContactDetailsModel.swift; sourceTree = "<group>"; };
		84CE8DE3256809C8005216FF /* ContactDetailsView.swift */ = {isa = PBXFileReference; lastKnownFileType = sourcecode.swift; path = ContactDetailsView.swift; sourceTree = "<group>"; };
		84CE8DE6256809EB005216FF /* ContactDetailsInteractor.swift */ = {isa = PBXFileReference; lastKnownFileType = sourcecode.swift; path = ContactDetailsInteractor.swift; sourceTree = "<group>"; };
		84CE8DEC25680A38005216FF /* ContactDetailsPresenter.swift */ = {isa = PBXFileReference; lastKnownFileType = sourcecode.swift; path = ContactDetailsPresenter.swift; sourceTree = "<group>"; };
		84CE8DF22568545B005216FF /* AppRouter.swift */ = {isa = PBXFileReference; lastKnownFileType = sourcecode.swift; path = AppRouter.swift; sourceTree = "<group>"; };
		84CE8DF625685782005216FF /* ContactDetailsCell.swift */ = {isa = PBXFileReference; lastKnownFileType = sourcecode.swift; path = ContactDetailsCell.swift; sourceTree = "<group>"; };
		84CE8DFD25686A40005216FF /* Common.swift */ = {isa = PBXFileReference; lastKnownFileType = sourcecode.swift; path = Common.swift; sourceTree = "<group>"; };
/* End PBXFileReference section */

/* Begin PBXFrameworksBuildPhase section */
		84CE8D9D2567D1CD005216FF /* Frameworks */ = {
			isa = PBXFrameworksBuildPhase;
			buildActionMask = 2147483647;
			files = (
			);
			runOnlyForDeploymentPostprocessing = 0;
		};
/* End PBXFrameworksBuildPhase section */

/* Begin PBXGroup section */
		84CE8D972567D1CD005216FF = {
			isa = PBXGroup;
			children = (
				84CE8DA22567D1CD005216FF /* Novichock */,
				84CE8DA12567D1CD005216FF /* Products */,
			);
			sourceTree = "<group>";
		};
		84CE8DA12567D1CD005216FF /* Products */ = {
			isa = PBXGroup;
			children = (
				84CE8DA02567D1CD005216FF /* Novichock.app */,
			);
			name = Products;
			sourceTree = "<group>";
		};
		84CE8DA22567D1CD005216FF /* Novichock */ = {
			isa = PBXGroup;
			children = (
				84CE8DBC2567D28F005216FF /* AppDelegates */,
				84CE8DB92567D21C005216FF /* Storyboards */,
				84CE8DBA2567D22B005216FF /* Resources */,
				84CE8DD52567E925005216FF /* Extensions */,
				84CE8DFC25686A27005216FF /* Common */,
				84CE8DBD2567D2B3005216FF /* Scenes */,
				84CE8DB12567D1D0005216FF /* Info.plist */,
			);
			path = Novichock;
			sourceTree = "<group>";
		};
		84CE8DB92567D21C005216FF /* Storyboards */ = {
			isa = PBXGroup;
			children = (
				84CE8DAE2567D1D0005216FF /* LaunchScreen.storyboard */,
			);
			path = Storyboards;
			sourceTree = "<group>";
		};
		84CE8DBA2567D22B005216FF /* Resources */ = {
			isa = PBXGroup;
			children = (
				84CE8DAC2567D1D0005216FF /* Assets.xcassets */,
			);
			path = Resources;
			sourceTree = "<group>";
		};
		84CE8DBC2567D28F005216FF /* AppDelegates */ = {
			isa = PBXGroup;
			children = (
				84CE8DA52567D1CD005216FF /* SceneDelegate.swift */,
				84CE8DA32567D1CD005216FF /* AppDelegate.swift */,
				84CE8DF22568545B005216FF /* AppRouter.swift */,
			);
			path = AppDelegates;
			sourceTree = "<group>";
		};
		84CE8DBD2567D2B3005216FF /* Scenes */ = {
			isa = PBXGroup;
			children = (
				84CE8DBE2567D32A005216FF /* Contacts */,
				84CE8DDB256806B3005216FF /* ContactDetails */,
			);
			path = Scenes;
			sourceTree = "<group>";
		};
		84CE8DBE2567D32A005216FF /* Contacts */ = {
			isa = PBXGroup;
			children = (
				84CE8DD12567E873005216FF /* Cells */,
				84CE8DCD2567D444005216FF /* ContactsModule.swift */,
				84CE8DC92567D3AA005216FF /* ContactsModel.swift */,
				84CE8DC62567D386005216FF /* ContactsView.swift */,
				84CE8DBF2567D34C005216FF /* ContactsInteractor.swift */,
				84CE8DC32567D36E005216FF /* ContactsPresenter.swift */,
			);
			path = Contacts;
			sourceTree = "<group>";
		};
		84CE8DD12567E873005216FF /* Cells */ = {
			isa = PBXGroup;
			children = (
				84CE8DD22567E88C005216FF /* ContactCell.swift */,
			);
			path = Cells;
			sourceTree = "<group>";
		};
		84CE8DD52567E925005216FF /* Extensions */ = {
			isa = PBXGroup;
			children = (
				84CE8DD62567E940005216FF /* UITableViewCell+Extension.swift */,
			);
			path = Extensions;
			sourceTree = "<group>";
		};
		84CE8DDB256806B3005216FF /* ContactDetails */ = {
			isa = PBXGroup;
			children = (
				84CE8DEF25684FD1005216FF /* Cells */,
				84CE8DDC25680991005216FF /* ContactDetailsModule.swift */,
				84CE8DE0256809AF005216FF /* ContactDetailsModel.swift */,
				84CE8DE3256809C8005216FF /* ContactDetailsView.swift */,
				84CE8DE6256809EB005216FF /* ContactDetailsInteractor.swift */,
				84CE8DEC25680A38005216FF /* ContactDetailsPresenter.swift */,
			);
			path = ContactDetails;
			sourceTree = "<group>";
		};
		84CE8DEF25684FD1005216FF /* Cells */ = {
			isa = PBXGroup;
			children = (
				84CE8DF625685782005216FF /* ContactDetailsCell.swift */,
			);
			path = Cells;
			sourceTree = "<group>";
		};
		84CE8DFC25686A27005216FF /* Common */ = {
			isa = PBXGroup;
			children = (
				84CE8DFD25686A40005216FF /* Common.swift */,
			);
			path = Common;
			sourceTree = "<group>";
		};
/* End PBXGroup section */

/* Begin PBXNativeTarget section */
		84CE8D9F2567D1CD005216FF /* Novichock */ = {
			isa = PBXNativeTarget;
			buildConfigurationList = 84CE8DB42567D1D0005216FF /* Build configuration list for PBXNativeTarget "Novichock" */;
			buildPhases = (
				84CE8D9C2567D1CD005216FF /* Sources */,
				84CE8D9D2567D1CD005216FF /* Frameworks */,
				84CE8D9E2567D1CD005216FF /* Resources */,
			);
			buildRules = (
			);
			dependencies = (
			);
			name = Novichock;
			productName = Novichock;
			productReference = 84CE8DA02567D1CD005216FF /* Novichock.app */;
			productType = "com.apple.product-type.application";
		};
/* End PBXNativeTarget section */

/* Begin PBXProject section */
		84CE8D982567D1CD005216FF /* Project object */ = {
			isa = PBXProject;
			attributes = {
				LastSwiftUpdateCheck = 1210;
				LastUpgradeCheck = 1210;
				TargetAttributes = {
					84CE8D9F2567D1CD005216FF = {
						CreatedOnToolsVersion = 12.1;
					};
				};
			};
			buildConfigurationList = 84CE8D9B2567D1CD005216FF /* Build configuration list for PBXProject "Novichock" */;
			compatibilityVersion = "Xcode 9.3";
			developmentRegion = en;
			hasScannedForEncodings = 0;
			knownRegions = (
				en,
				Base,
			);
			mainGroup = 84CE8D972567D1CD005216FF;
			productRefGroup = 84CE8DA12567D1CD005216FF /* Products */;
			projectDirPath = "";
			projectRoot = "";
			targets = (
				84CE8D9F2567D1CD005216FF /* Novichock */,
			);
		};
/* End PBXProject section */

/* Begin PBXResourcesBuildPhase section */
		84CE8D9E2567D1CD005216FF /* Resources */ = {
			isa = PBXResourcesBuildPhase;
			buildActionMask = 2147483647;
			files = (
				84CE8DB02567D1D0005216FF /* LaunchScreen.storyboard in Resources */,
				84CE8DAD2567D1D0005216FF /* Assets.xcassets in Resources */,
			);
			runOnlyForDeploymentPostprocessing = 0;
		};
/* End PBXResourcesBuildPhase section */

/* Begin PBXSourcesBuildPhase section */
		84CE8D9C2567D1CD005216FF /* Sources */ = {
			isa = PBXSourcesBuildPhase;
			buildActionMask = 2147483647;
			files = (
				84CE8DFE25686A40005216FF /* Common.swift in Sources */,
				84CE8DD32567E88C005216FF /* ContactCell.swift in Sources */,
				84CE8DD72567E940005216FF /* UITableViewCell+Extension.swift in Sources */,
				84CE8DC42567D36E005216FF /* ContactsPresenter.swift in Sources */,
				84CE8DE1256809AF005216FF /* ContactDetailsModel.swift in Sources */,
				84CE8DC02567D34C005216FF /* ContactsInteractor.swift in Sources */,
				84CE8DF32568545B005216FF /* AppRouter.swift in Sources */,
				84CE8DC72567D386005216FF /* ContactsView.swift in Sources */,
				84CE8DCE2567D444005216FF /* ContactsModule.swift in Sources */,
				84CE8DDD25680991005216FF /* ContactDetailsModule.swift in Sources */,
				84CE8DF725685782005216FF /* ContactDetailsCell.swift in Sources */,
				84CE8DA42567D1CD005216FF /* AppDelegate.swift in Sources */,
				84CE8DED25680A38005216FF /* ContactDetailsPresenter.swift in Sources */,
				84CE8DA62567D1CD005216FF /* SceneDelegate.swift in Sources */,
				84CE8DE4256809C8005216FF /* ContactDetailsView.swift in Sources */,
				84CE8DCA2567D3AA005216FF /* ContactsModel.swift in Sources */,
				84CE8DE7256809EB005216FF /* ContactDetailsInteractor.swift in Sources */,
			);
			runOnlyForDeploymentPostprocessing = 0;
		};
/* End PBXSourcesBuildPhase section */

/* Begin PBXVariantGroup section */
		84CE8DAE2567D1D0005216FF /* LaunchScreen.storyboard */ = {
			isa = PBXVariantGroup;
			children = (
				84CE8DAF2567D1D0005216FF /* Base */,
			);
			name = LaunchScreen.storyboard;
			sourceTree = "<group>";
		};
/* End PBXVariantGroup section */

/* Begin XCBuildConfiguration section */
		84CE8DB22567D1D0005216FF /* Debug */ = {
			isa = XCBuildConfiguration;
			buildSettings = {
				ALWAYS_SEARCH_USER_PATHS = NO;
				CLANG_ANALYZER_NONNULL = YES;
				CLANG_ANALYZER_NUMBER_OBJECT_CONVERSION = YES_AGGRESSIVE;
				CLANG_CXX_LANGUAGE_STANDARD = "gnu++14";
				CLANG_CXX_LIBRARY = "libc++";
				CLANG_ENABLE_MODULES = YES;
				CLANG_ENABLE_OBJC_ARC = YES;
				CLANG_ENABLE_OBJC_WEAK = YES;
				CLANG_WARN_BLOCK_CAPTURE_AUTORELEASING = YES;
				CLANG_WARN_BOOL_CONVERSION = YES;
				CLANG_WARN_COMMA = YES;
				CLANG_WARN_CONSTANT_CONVERSION = YES;
				CLANG_WARN_DEPRECATED_OBJC_IMPLEMENTATIONS = YES;
				CLANG_WARN_DIRECT_OBJC_ISA_USAGE = YES_ERROR;
				CLANG_WARN_DOCUMENTATION_COMMENTS = YES;
				CLANG_WARN_EMPTY_BODY = YES;
				CLANG_WARN_ENUM_CONVERSION = YES;
				CLANG_WARN_INFINITE_RECURSION = YES;
				CLANG_WARN_INT_CONVERSION = YES;
				CLANG_WARN_NON_LITERAL_NULL_CONVERSION = YES;
				CLANG_WARN_OBJC_IMPLICIT_RETAIN_SELF = YES;
				CLANG_WARN_OBJC_LITERAL_CONVERSION = YES;
				CLANG_WARN_OBJC_ROOT_CLASS = YES_ERROR;
				CLANG_WARN_QUOTED_INCLUDE_IN_FRAMEWORK_HEADER = YES;
				CLANG_WARN_RANGE_LOOP_ANALYSIS = YES;
				CLANG_WARN_STRICT_PROTOTYPES = YES;
				CLANG_WARN_SUSPICIOUS_MOVE = YES;
				CLANG_WARN_UNGUARDED_AVAILABILITY = YES_AGGRESSIVE;
				CLANG_WARN_UNREACHABLE_CODE = YES;
				CLANG_WARN__DUPLICATE_METHOD_MATCH = YES;
				COPY_PHASE_STRIP = NO;
				DEBUG_INFORMATION_FORMAT = dwarf;
				ENABLE_STRICT_OBJC_MSGSEND = YES;
				ENABLE_TESTABILITY = YES;
				GCC_C_LANGUAGE_STANDARD = gnu11;
				GCC_DYNAMIC_NO_PIC = NO;
				GCC_NO_COMMON_BLOCKS = YES;
				GCC_OPTIMIZATION_LEVEL = 0;
				GCC_PREPROCESSOR_DEFINITIONS = (
					"DEBUG=1",
					"$(inherited)",
				);
				GCC_WARN_64_TO_32_BIT_CONVERSION = YES;
				GCC_WARN_ABOUT_RETURN_TYPE = YES_ERROR;
				GCC_WARN_UNDECLARED_SELECTOR = YES;
				GCC_WARN_UNINITIALIZED_AUTOS = YES_AGGRESSIVE;
				GCC_WARN_UNUSED_FUNCTION = YES;
				GCC_WARN_UNUSED_VARIABLE = YES;
				IPHONEOS_DEPLOYMENT_TARGET = 13.2;
				MTL_ENABLE_DEBUG_INFO = INCLUDE_SOURCE;
				MTL_FAST_MATH = YES;
				ONLY_ACTIVE_ARCH = YES;
				SDKROOT = iphoneos;
				SWIFT_ACTIVE_COMPILATION_CONDITIONS = DEBUG;
				SWIFT_OPTIMIZATION_LEVEL = "-Onone";
			};
			name = Debug;
		};
		84CE8DB32567D1D0005216FF /* Release */ = {
			isa = XCBuildConfiguration;
			buildSettings = {
				ALWAYS_SEARCH_USER_PATHS = NO;
				CLANG_ANALYZER_NONNULL = YES;
				CLANG_ANALYZER_NUMBER_OBJECT_CONVERSION = YES_AGGRESSIVE;
				CLANG_CXX_LANGUAGE_STANDARD = "gnu++14";
				CLANG_CXX_LIBRARY = "libc++";
				CLANG_ENABLE_MODULES = YES;
				CLANG_ENABLE_OBJC_ARC = YES;
				CLANG_ENABLE_OBJC_WEAK = YES;
				CLANG_WARN_BLOCK_CAPTURE_AUTORELEASING = YES;
				CLANG_WARN_BOOL_CONVERSION = YES;
				CLANG_WARN_COMMA = YES;
				CLANG_WARN_CONSTANT_CONVERSION = YES;
				CLANG_WARN_DEPRECATED_OBJC_IMPLEMENTATIONS = YES;
				CLANG_WARN_DIRECT_OBJC_ISA_USAGE = YES_ERROR;
				CLANG_WARN_DOCUMENTATION_COMMENTS = YES;
				CLANG_WARN_EMPTY_BODY = YES;
				CLANG_WARN_ENUM_CONVERSION = YES;
				CLANG_WARN_INFINITE_RECURSION = YES;
				CLANG_WARN_INT_CONVERSION = YES;
				CLANG_WARN_NON_LITERAL_NULL_CONVERSION = YES;
				CLANG_WARN_OBJC_IMPLICIT_RETAIN_SELF = YES;
				CLANG_WARN_OBJC_LITERAL_CONVERSION = YES;
				CLANG_WARN_OBJC_ROOT_CLASS = YES_ERROR;
				CLANG_WARN_QUOTED_INCLUDE_IN_FRAMEWORK_HEADER = YES;
				CLANG_WARN_RANGE_LOOP_ANALYSIS = YES;
				CLANG_WARN_STRICT_PROTOTYPES = YES;
				CLANG_WARN_SUSPICIOUS_MOVE = YES;
				CLANG_WARN_UNGUARDED_AVAILABILITY = YES_AGGRESSIVE;
				CLANG_WARN_UNREACHABLE_CODE = YES;
				CLANG_WARN__DUPLICATE_METHOD_MATCH = YES;
				COPY_PHASE_STRIP = NO;
				DEBUG_INFORMATION_FORMAT = "dwarf-with-dsym";
				ENABLE_NS_ASSERTIONS = NO;
				ENABLE_STRICT_OBJC_MSGSEND = YES;
				GCC_C_LANGUAGE_STANDARD = gnu11;
				GCC_NO_COMMON_BLOCKS = YES;
				GCC_WARN_64_TO_32_BIT_CONVERSION = YES;
				GCC_WARN_ABOUT_RETURN_TYPE = YES_ERROR;
				GCC_WARN_UNDECLARED_SELECTOR = YES;
				GCC_WARN_UNINITIALIZED_AUTOS = YES_AGGRESSIVE;
				GCC_WARN_UNUSED_FUNCTION = YES;
				GCC_WARN_UNUSED_VARIABLE = YES;
				IPHONEOS_DEPLOYMENT_TARGET = 13.2;
				MTL_ENABLE_DEBUG_INFO = NO;
				MTL_FAST_MATH = YES;
				SDKROOT = iphoneos;
				SWIFT_COMPILATION_MODE = wholemodule;
				SWIFT_OPTIMIZATION_LEVEL = "-O";
				VALIDATE_PRODUCT = YES;
			};
			name = Release;
		};
		84CE8DB52567D1D0005216FF /* Debug */ = {
			isa = XCBuildConfiguration;
			buildSettings = {
				ASSETCATALOG_COMPILER_APPICON_NAME = AppIcon;
				ASSETCATALOG_COMPILER_GLOBAL_ACCENT_COLOR_NAME = AccentColor;
				CODE_SIGN_IDENTITY = "Apple Development";
				CODE_SIGN_STYLE = Automatic;
				DEVELOPMENT_TEAM = EE87MK6CCC;
				INFOPLIST_FILE = Novichock/Info.plist;
				LD_RUNPATH_SEARCH_PATHS = (
					"$(inherited)",
					"@executable_path/Frameworks",
				);
				PRODUCT_BUNDLE_IDENTIFIER = covid.ru.Novichock;
				PRODUCT_NAME = "$(TARGET_NAME)";
				SWIFT_VERSION = 5.0;
				TARGETED_DEVICE_FAMILY = "1,2";
			};
			name = Debug;
		};
		84CE8DB62567D1D0005216FF /* Release */ = {
			isa = XCBuildConfiguration;
			buildSettings = {
				ASSETCATALOG_COMPILER_APPICON_NAME = AppIcon;
				ASSETCATALOG_COMPILER_GLOBAL_ACCENT_COLOR_NAME = AccentColor;
				CODE_SIGN_IDENTITY = "Apple Development";
				CODE_SIGN_STYLE = Automatic;
				DEVELOPMENT_TEAM = EE87MK6CCC;
				INFOPLIST_FILE = Novichock/Info.plist;
				LD_RUNPATH_SEARCH_PATHS = (
					"$(inherited)",
					"@executable_path/Frameworks",
				);
				PRODUCT_BUNDLE_IDENTIFIER = covid.ru.Novichock;
				PRODUCT_NAME = "$(TARGET_NAME)";
				SWIFT_VERSION = 5.0;
				TARGETED_DEVICE_FAMILY = "1,2";
			};
			name = Release;
		};
/* End XCBuildConfiguration section */

/* Begin XCConfigurationList section */
		84CE8D9B2567D1CD005216FF /* Build configuration list for PBXProject "Novichock" */ = {
			isa = XCConfigurationList;
			buildConfigurations = (
				84CE8DB22567D1D0005216FF /* Debug */,
				84CE8DB32567D1D0005216FF /* Release */,
			);
			defaultConfigurationIsVisible = 0;
			defaultConfigurationName = Release;
		};
		84CE8DB42567D1D0005216FF /* Build configuration list for PBXNativeTarget "Novichock" */ = {
			isa = XCConfigurationList;
			buildConfigurations = (
				84CE8DB52567D1D0005216FF /* Debug */,
				84CE8DB62567D1D0005216FF /* Release */,
			);
			defaultConfigurationIsVisible = 0;
			defaultConfigurationName = Release;
		};
/* End XCConfigurationList section */
	};
	rootObject = 84CE8D982567D1CD005216FF /* Project object */;
}
